
Microsoft Visual Studio Solution File, Format Version 12.00
# Visual Studio Version 17
VisualStudioVersion = 17.1.32210.238
MinimumVisualStudioVersion = 10.0.40219.1
Project("{FAE04EC0-301F-11D3-BF4B-00C04F79EFBC}") = "AutoK", "AutoK\AutoK.csproj", "{14BDFF92-5AA3-4B16-BD92-EC41BBA20EDE}"
EndProject
Global
	GlobalSection(SolutionConfigurationPlatforms) = preSolution
		Debug|Any CPU = Debug|Any CPU
		Release|Any CPU = Release|Any CPU
	EndGlobalSection
	GlobalSection(ProjectConfigurationPlatforms) = postSolution
		{14BDFF92-5AA3-4B16-BD92-EC41BBA20EDE}.Debug|Any CPU.ActiveCfg = Debug|Any CPU
		{14BDFF92-5AA3-4B16-BD92-EC41BBA20EDE}.Debug|Any CPU.Build.0 = Debug|Any CPU
		{14BDFF92-5AA3-4B16-BD92-EC41BBA20EDE}.Release|Any CPU.ActiveCfg = Release|Any CPU
		{14BDFF92-5AA3-4B16-BD92-EC41BBA20EDE}.Release|Any CPU.Build.0 = Release|Any CPU
	EndGlobalSection
	GlobalSection(SolutionProperties) = preSolution
		HideSolutionNode = FALSE
	EndGlobalSection
	GlobalSection(ExtensibilityGlobals) = postSolution
		SolutionGuid = {FB2626B0-89FF-4C9C-9983-B9997C60EED2}
	EndGlobalSection
EndGlobal
